hash: 3693692a36a0a89ab104b496eca3d7b920d5ed0c8c92acdfc9fde14af27d765e
updated: 2016-11-21T10:00:50.926092105-05:00
imports:
- name: github.com/aws/aws-sdk-go
  version: 898c81ba64b9a467379d35e3fabad133beae0ee4
  subpackages:
  - aws
  - aws/awserr
  - aws/awsutil
  - aws/client
  - aws/client/metadata
  - aws/corehandlers
  - aws/credentials
  - aws/credentials/ec2rolecreds
  - aws/credentials/endpointcreds
  - aws/credentials/stscreds
  - aws/defaults
  - aws/ec2metadata
  - aws/request
  - aws/session
  - aws/signer/v4
  - private/endpoints
  - private/protocol
  - private/protocol/query
  - private/protocol/query/queryutil
  - private/protocol/rest
  - private/protocol/restxml
  - private/protocol/xml/xmlutil
  - private/waiter
  - service/cloudformation
  - service/s3
  - service/sts
- name: github.com/aymerick/raymond
  version: a2232af10b53ef1ae5a767f5178db3a6c1dab655
  subpackages:
  - ast
  - lexer
  - parser
- name: github.com/blang/semver
  version: 60ec3488bfea7cca02b021d106d9911120d25fe9
- name: github.com/dnaeon/go-vcr
  version: 82c8877b55452fe358f69d77685e57700f78c30a
  subpackages:
  - cassette
  - recorder
- name: github.com/dustin/go-jsonpointer
  version: ba0abeacc3dcca5b9b20f31509c46794edbc9965
- name: github.com/dustin/gojson
  version: 2e71ec9dd5adce3b168cd0dbde03b5cc04951c30
- name: github.com/fsnotify/fsnotify
  version: fd9ec7deca8bf46ecd2a795baaacf2b3a9be1197
- name: github.com/go-ini/ini
  version: 6e4869b434bd001f6983749881c7ead3545887d8
- name: github.com/hashicorp/hcl
  version: c3e054bfd4dcf77b9965ed2b79b22afa2f41d4eb
  subpackages:
  - hcl/ast
  - hcl/parser
  - hcl/scanner
  - hcl/strconv
  - hcl/token
  - json/parser
  - json/scanner
  - json/token
- name: github.com/hjson/hjson-go
  version: 94a8f0bea3436e0721b2e28b85df411d75a399fa
- name: github.com/inconshreveable/mousetrap
  version: 76626ae9c91c4f2a10f34cad8ce83ea42c93bb75
- name: github.com/jmespath/go-jmespath
  version: bd40a432e4c76585ef6b72d3fd96fb9b6dc7b68d
- name: github.com/magiconair/properties
  version: 0723e352fa358f9322c938cc2dadda874e9151a9
- name: github.com/mitchellh/mapstructure
  version: f3009df150dadf309fdee4a54ed65c124afad715
- name: github.com/pelletier/go-buffruneio
  version: df1e16fde7fc330a0ca68167c23bf7ed6ac31d6d
- name: github.com/pelletier/go-toml
  version: 45932ad32dfdd20826f5671da37a5f3ce9f26a8d
- name: github.com/prometheus/common
  version: 0d5de9d6d8629cb8bee6d4674da4127cd8b615a3
  subpackages:
  - log
- name: github.com/Sirupsen/logrus
  version: d26492970760ca5d33129d2d799e34be5c4782eb
- name: github.com/spf13/afero
  version: 06b7e5f50606ecd49148a01a6008942d9b669217
  subpackages:
  - mem
- name: github.com/spf13/cast
  version: 24b6558033ffe202bf42f0f3b870dcc798dd2ba8
- name: github.com/spf13/cobra
  version: 9495bc009a56819bdb0ddbc1a373e29c140bc674
- name: github.com/spf13/jwalterweatherman
  version: 33c24e77fb80341fe7130ee7c594256ff08ccc46
- name: github.com/spf13/pflag
  version: 5ccb023bc27df288a957c5e994cd44fd19619465
- name: github.com/spf13/viper
  version: 651d9d916abc3c3d6a91a12549495caba5edffd2
- name: golang.org/x/sys
  version: b699b7032584f0953262cb2788a0ca19bb494703
  subpackages:
  - unix
  - windows
  - windows/registry
  - windows/svc/eventlog
- name: golang.org/x/text
  version: a263ba8db058568bb9beba166777d9c9dbe75d68
  subpackages:
  - transform
  - unicode/norm
  - width
- name: gopkg.in/yaml.v2
  version: a5b47d31c556af34a302ce5d659e6fea44d90de0
testImports:
- name: github.com/davecgh/go-spew
  version: 6d212800a42e8ab5c146b8ace3490ee17e5225f9
  subpackages:
  - spew
- name: github.com/pmezard/go-difflib
  version: d8ed2627bdf02c080bf22230dbb337003b7aba2d
  subpackages:
  - difflib
- name: github.com/stretchr/testify
  version: 69483b4bd14f5845b5a1e55bca19e954e827f1d0
  subpackages:
  - assert
