hash: 8336df10445698bfa4601cf9f26ca4ffb7ad1f262b48b530580892098f43541e
updated: 2016-10-27T13:09:29.099139468-04:00
imports:
- name: github.com/aws/aws-sdk-go
  version: 6c577e9e7b08a6d10bad1c9703227cd0403a8dd7
  subpackages:
  - aws
  - aws/awserr
  - aws/awsutil
  - aws/client
  - aws/client/metadata
  - aws/corehandlers
  - aws/credentials
  - aws/credentials/ec2rolecreds
  - aws/credentials/endpointcreds
  - aws/credentials/stscreds
  - aws/defaults
  - aws/ec2metadata
  - aws/request
  - aws/session
  - aws/signer/v4
  - private/endpoints
  - private/protocol
  - private/protocol/query
  - private/protocol/query/queryutil
  - private/protocol/rest
  - private/protocol/restxml
  - private/protocol/xml/xmlutil
  - private/waiter
  - service/cloudformation
  - service/s3
  - service/sts
- name: github.com/aymerick/raymond
  version: a2232af10b53ef1ae5a767f5178db3a6c1dab655
  subpackages:
  - ast
  - lexer
  - parser
- name: github.com/blang/semver
  version: 60ec3488bfea7cca02b021d106d9911120d25fe9
- name: github.com/dnaeon/go-vcr
  version: 63159db44a01322f126c9516eeeecdee16c3e0ee
  subpackages:
  - cassette
  - recorder
- name: github.com/dustin/go-jsonpointer
  version: ba0abeacc3dcca5b9b20f31509c46794edbc9965
- name: github.com/dustin/gojson
  version: 2e71ec9dd5adce3b168cd0dbde03b5cc04951c30
- name: github.com/fsnotify/fsnotify
  version: fd9ec7deca8bf46ecd2a795baaacf2b3a9be1197
- name: github.com/go-ini/ini
  version: 6e4869b434bd001f6983749881c7ead3545887d8
- name: github.com/hashicorp/errwrap
  version: 7554cd9344cec97297fa6649b055a8c98c2a1e55
- name: github.com/hashicorp/go-multierror
  version: 8c5f0ad9360406a3807ce7de6bc73269a91a6e51
- name: github.com/hashicorp/hcl
  version: 99ce73d4fe576449f7a689d4fc2b2ad09a86bdaa
  subpackages:
  - hcl/ast
  - hcl/parser
  - hcl/scanner
  - hcl/strconv
  - hcl/token
  - json/parser
  - json/scanner
  - json/token
- name: github.com/hashicorp/terraform
  version: fa6a83ebdc323f2b415779786e102e69ddbf9a48
  subpackages:
  - dag
- name: github.com/hjson/hjson-go
  version: 94a8f0bea3436e0721b2e28b85df411d75a399fa
- name: github.com/inconshreveable/mousetrap
  version: 76626ae9c91c4f2a10f34cad8ce83ea42c93bb75
- name: github.com/jmespath/go-jmespath
  version: bd40a432e4c76585ef6b72d3fd96fb9b6dc7b68d
- name: github.com/kr/fs
  version: 2788f0dbd16903de03cb8186e5c7d97b69ad387b
- name: github.com/magiconair/properties
  version: 0723e352fa358f9322c938cc2dadda874e9151a9
- name: github.com/mitchellh/mapstructure
  version: f3009df150dadf309fdee4a54ed65c124afad715
- name: github.com/pelletier/go-buffruneio
  version: df1e16fde7fc330a0ca68167c23bf7ed6ac31d6d
- name: github.com/pelletier/go-toml
  version: 45932ad32dfdd20826f5671da37a5f3ce9f26a8d
- name: github.com/pkg/errors
  version: 839d9e913e063e28dfd0e6c7b7512793e0a48be9
- name: github.com/pkg/sftp
  version: 4d0e916071f68db74f8a73926335f809396d6b42
- name: github.com/prometheus/common
  version: 85637ea67b04b5c3bb25e671dacded2977f8f9f6
  subpackages:
  - log
- name: github.com/Sirupsen/logrus
  version: 4b6ea7319e214d98c938f12692336f7ca9348d6b
- name: github.com/spf13/afero
  version: 52e4a6cfac46163658bd4f123c49b6ee7dc75f78
  subpackages:
  - mem
  - sftp
- name: github.com/spf13/cast
  version: 2580bc98dc0e62908119e4737030cc2fdfc45e4c
- name: github.com/spf13/cobra
  version: 6e91dded25d73176bf7f60b40dd7aa1f0bf9be8d
- name: github.com/spf13/jwalterweatherman
  version: 33c24e77fb80341fe7130ee7c594256ff08ccc46
- name: github.com/spf13/pflag
  version: 5ccb023bc27df288a957c5e994cd44fd19619465
- name: github.com/spf13/viper
  version: 80ab6657f9ec7e5761f6603320d3d58dfe6970f6
- name: golang.org/x/crypto
  version: ca7e7f10cb9fd9c1a6ff7f60436c086d73714180
  subpackages:
  - curve25519
  - ed25519
  - ed25519/internal/edwards25519
  - ssh
- name: golang.org/x/sys
  version: c200b10b5d5e122be351b67af224adc6128af5bf
  subpackages:
  - unix
  - windows
  - windows/registry
  - windows/svc/eventlog
- name: golang.org/x/text
  version: a8b38433e35b65ba247bb267317037dee1b70cea
  subpackages:
  - transform
  - unicode/norm
  - width
- name: gopkg.in/yaml.v2
  version: a5b47d31c556af34a302ce5d659e6fea44d90de0
testImports:
- name: github.com/davecgh/go-spew
  version: 6d212800a42e8ab5c146b8ace3490ee17e5225f9
  subpackages:
  - spew
- name: github.com/pmezard/go-difflib
  version: d8ed2627bdf02c080bf22230dbb337003b7aba2d
  subpackages:
  - difflib
- name: github.com/stretchr/testify
  version: 69483b4bd14f5845b5a1e55bca19e954e827f1d0
  subpackages:
  - assert
