# This file is autogenerated, do not edit; changes may be undone by the next 'dep ensure'.


[[projects]]
  name = "github.com/Sirupsen/logrus"
  packages = ["."]
  revision = "4b6ea7319e214d98c938f12692336f7ca9348d6b"
  version = "v0.10.0"

[[projects]]
  name = "github.com/aws/aws-sdk-go"
  packages = ["aws","aws/awserr","aws/awsutil","aws/client","aws/client/metadata","aws/corehandlers","aws/credentials","aws/credentials/ec2rolecreds","aws/credentials/endpointcreds","aws/credentials/stscreds","aws/defaults","aws/ec2metadata","aws/request","aws/session","aws/signer/v4","private/endpoints","private/protocol","private/protocol/ec2query","private/protocol/query","private/protocol/query/queryutil","private/protocol/rest","private/protocol/restxml","private/protocol/xml/xmlutil","private/waiter","service/cloudformation","service/ec2","service/s3","service/sts"]
  revision = "898c81ba64b9a467379d35e3fabad133beae0ee4"
  version = "v1.5.8"

[[projects]]
  name = "github.com/aymerick/raymond"
  packages = [".","ast","lexer","parser"]
  revision = "a2232af10b53ef1ae5a767f5178db3a6c1dab655"
  version = "v2.0.1"

[[projects]]
  name = "github.com/blang/semver"
  packages = ["."]
  revision = "60ec3488bfea7cca02b021d106d9911120d25fe9"
  version = "v3.3.0"

[[projects]]
  name = "github.com/davecgh/go-spew"
  packages = ["spew"]
  revision = "6d212800a42e8ab5c146b8ace3490ee17e5225f9"

[[projects]]
  name = "github.com/dnaeon/go-vcr"
  packages = ["cassette","recorder"]
  revision = "82c8877b55452fe358f69d77685e57700f78c30a"

[[projects]]
  branch = "master"
  name = "github.com/dustin/go-jsonpointer"
  packages = ["."]
  revision = "ba0abeacc3dcca5b9b20f31509c46794edbc9965"

[[projects]]
  branch = "master"
  name = "github.com/dustin/gojson"
  packages = ["."]
  revision = "2e71ec9dd5adce3b168cd0dbde03b5cc04951c30"

[[projects]]
  name = "github.com/fsnotify/fsnotify"
  packages = ["."]
  revision = "fd9ec7deca8bf46ecd2a795baaacf2b3a9be1197"

[[projects]]
  name = "github.com/go-ini/ini"
  packages = ["."]
  revision = "6e4869b434bd001f6983749881c7ead3545887d8"
  version = "v1.21.1"

[[projects]]
  name = "github.com/hashicorp/hcl"
  packages = [".","hcl/ast","hcl/parser","hcl/scanner","hcl/strconv","hcl/token","json/parser","json/scanner","json/token"]
  revision = "c3e054bfd4dcf77b9965ed2b79b22afa2f41d4eb"

[[projects]]
  name = "github.com/hjson/hjson-go"
  packages = ["."]
  revision = "94a8f0bea3436e0721b2e28b85df411d75a399fa"
  version = "v0.2.2"

[[projects]]
  name = "github.com/inconshreveable/mousetrap"
  packages = ["."]
  revision = "76626ae9c91c4f2a10f34cad8ce83ea42c93bb75"
  version = "v1.0"

[[projects]]
  branch = "master"
  name = "github.com/jmespath/go-jmespath"
  packages = ["."]
  revision = "bd40a432e4c76585ef6b72d3fd96fb9b6dc7b68d"

[[projects]]
  name = "github.com/magiconair/properties"
  packages = ["."]
  revision = "0723e352fa358f9322c938cc2dadda874e9151a9"

[[projects]]
  name = "github.com/mitchellh/mapstructure"
  packages = ["."]
  revision = "f3009df150dadf309fdee4a54ed65c124afad715"

[[projects]]
  name = "github.com/pelletier/go-buffruneio"
  packages = ["."]
  revision = "df1e16fde7fc330a0ca68167c23bf7ed6ac31d6d"
  version = "v0.1.0"

[[projects]]
  name = "github.com/pelletier/go-toml"
  packages = ["."]
  revision = "45932ad32dfdd20826f5671da37a5f3ce9f26a8d"

[[projects]]
  name = "github.com/pmezard/go-difflib"
  packages = ["difflib"]
  revision = "d8ed2627bdf02c080bf22230dbb337003b7aba2d"

[[projects]]
  name = "github.com/prometheus/common"
  packages = ["log"]
  revision = "0d5de9d6d8629cb8bee6d4674da4127cd8b615a3"

[[projects]]
  name = "github.com/spf13/afero"
  packages = [".","mem"]
  revision = "06b7e5f50606ecd49148a01a6008942d9b669217"

[[projects]]
  name = "github.com/spf13/cast"
  packages = ["."]
  revision = "24b6558033ffe202bf42f0f3b870dcc798dd2ba8"

[[projects]]
  name = "github.com/spf13/cobra"
  packages = ["."]
  revision = "9495bc009a56819bdb0ddbc1a373e29c140bc674"

[[projects]]
  name = "github.com/spf13/jwalterweatherman"
  packages = ["."]
  revision = "33c24e77fb80341fe7130ee7c594256ff08ccc46"

[[projects]]
  name = "github.com/spf13/pflag"
  packages = ["."]
  revision = "5ccb023bc27df288a957c5e994cd44fd19619465"

[[projects]]
  name = "github.com/spf13/viper"
  packages = ["."]
  revision = "651d9d916abc3c3d6a91a12549495caba5edffd2"

[[projects]]
  name = "github.com/stretchr/testify"
  packages = ["assert"]
  revision = "69483b4bd14f5845b5a1e55bca19e954e827f1d0"
  version = "v1.1.4"

[[projects]]
  name = "golang.org/x/sys"
  packages = ["unix","windows","windows/registry","windows/svc/eventlog"]
  revision = "b699b7032584f0953262cb2788a0ca19bb494703"

[[projects]]
  name = "golang.org/x/text"
  packages = ["internal/gen","internal/triegen","internal/ucd","transform","unicode/cldr","unicode/norm","width"]
  revision = "a263ba8db058568bb9beba166777d9c9dbe75d68"

[[projects]]
  name = "gopkg.in/yaml.v2"
  packages = ["."]
  revision = "a5b47d31c556af34a302ce5d659e6fea44d90de0"

[solve-meta]
  analyzer-name = "dep"
  analyzer-version = 1
  inputs-digest = "920b1a7d78e8a5bb0f68659bed1aea38be97b8b985148e3ba02b1f79a1823567"
  solver-name = "gps-cdcl"
  solver-version = 1
